// !$*UTF8*$!
{
	archiveVersion = 1;
	classes = {
	};
	objectVersion = 46;
	objects = {

/* Begin PBXBuildFile section */
		2006ACE11A4EE18300F02DD8 /* DWAction.swift in Sources */ = {isa = PBXBuildFile; fileRef = 2006ACE01A4EE18300F02DD8 /* DWAction.swift */; };
		201F52D11A4B480700720BAE /* DWActionButton.swift in Sources */ = {isa = PBXBuildFile; fileRef = 201F52D01A4B480700720BAE /* DWActionButton.swift */; };
		201F52D31A4B483B00720BAE /* DWGridPath.swift in Sources */ = {isa = PBXBuildFile; fileRef = 201F52D21A4B483B00720BAE /* DWGridPath.swift */; };
		201F52D51A4B4C4000720BAE /* DWActionsMenu.swift in Sources */ = {isa = PBXBuildFile; fileRef = 201F52D41A4B4C4000720BAE /* DWActionsMenu.swift */; };
		201F52D71A4B4C5200720BAE /* DWResizeControl.swift in Sources */ = {isa = PBXBuildFile; fileRef = 201F52D61A4B4C5200720BAE /* DWResizeControl.swift */; };
		201F52D91A4B4D6500720BAE /* ActionsMenuConstants.swift in Sources */ = {isa = PBXBuildFile; fileRef = 201F52D81A4B4D6500720BAE /* ActionsMenuConstants.swift */; };
		209D121F1A4B1D9600AC08DD /* AppDelegate.swift in Sources */ = {isa = PBXBuildFile; fileRef = 209D121E1A4B1D9600AC08DD /* AppDelegate.swift */; };
		209D12211A4B1D9600AC08DD /* ViewController.swift in Sources */ = {isa = PBXBuildFile; fileRef = 209D12201A4B1D9600AC08DD /* ViewController.swift */; };
		209D12241A4B1D9600AC08DD /* Main.storyboard in Resources */ = {isa = PBXBuildFile; fileRef = 209D12221A4B1D9600AC08DD /* Main.storyboard */; };
		209D12261A4B1D9600AC08DD /* Images.xcassets in Resources */ = {isa = PBXBuildFile; fileRef = 209D12251A4B1D9600AC08DD /* Images.xcassets */; };
		209D12291A4B1D9600AC08DD /* LaunchScreen.xib in Resources */ = {isa = PBXBuildFile; fileRef = 209D12271A4B1D9600AC08DD /* LaunchScreen.xib */; };
		209D12351A4B1D9600AC08DD /* DWActionsMenuTests.swift in Sources */ = {isa = PBXBuildFile; fileRef = 209D12341A4B1D9600AC08DD /* DWActionsMenuTests.swift */; };
/* End PBXBuildFile section */

/* Begin PBXContainerItemProxy section */
		209D122F1A4B1D9600AC08DD /* PBXContainerItemProxy */ = {
			isa = PBXContainerItemProxy;
			containerPortal = 209D12111A4B1D9600AC08DD /* Project object */;
			proxyType = 1;
			remoteGlobalIDString = 209D12181A4B1D9600AC08DD;
			remoteInfo = DWActionsMenu;
		};
/* End PBXContainerItemProxy section */

/* Begin PBXFileReference section */
		2006ACE01A4EE18300F02DD8 /* DWAction.swift */ = {isa = PBXFileReference; fileEncoding = 4; lastKnownFileType = sourcecode.swift; path = DWAction.swift; sourceTree = "<group>"; };
		201F52D01A4B480700720BAE /* DWActionButton.swift */ = {isa = PBXFileReference; fileEncoding = 4; lastKnownFileType = sourcecode.swift; path = DWActionButton.swift; sourceTree = "<group>"; };
		201F52D21A4B483B00720BAE /* DWGridPath.swift */ = {isa = PBXFileReference; fileEncoding = 4; lastKnownFileType = sourcecode.swift; path = DWGridPath.swift; sourceTree = "<group>"; };
		201F52D41A4B4C4000720BAE /* DWActionsMenu.swift */ = {isa = PBXFileReference; fileEncoding = 4; lastKnownFileType = sourcecode.swift; path = DWActionsMenu.swift; sourceTree = "<group>"; };
		201F52D61A4B4C5200720BAE /* DWResizeControl.swift */ = {isa = PBXFileReference; fileEncoding = 4; lastKnownFileType = sourcecode.swift; path = DWResizeControl.swift; sourceTree = "<group>"; };
		201F52D81A4B4D6500720BAE /* ActionsMenuConstants.swift */ = {isa = PBXFileReference; fileEncoding = 4; lastKnownFileType = sourcecode.swift; name = ActionsMenuConstants.swift; path = ../ActionsMenuConstants.swift; sourceTree = "<group>"; };
		209D12191A4B1D9600AC08DD /* DWActionsMenu.app */ = {isa = PBXFileReference; explicitFileType = wrapper.application; includeInIndex = 0; path = DWActionsMenu.app; sourceTree = BUILT_PRODUCTS_DIR; };
		209D121D1A4B1D9600AC08DD /* Info.plist */ = {isa = PBXFileReference; lastKnownFileType = text.plist.xml; path = Info.plist; sourceTree = "<group>"; };
		209D121E1A4B1D9600AC08DD /* AppDelegate.swift */ = {isa = PBXFileReference; lastKnownFileType = sourcecode.swift; path = AppDelegate.swift; sourceTree = "<group>"; };
		209D12201A4B1D9600AC08DD /* ViewController.swift */ = {isa = PBXFileReference; lastKnownFileType = sourcecode.swift; path = ViewController.swift; sourceTree = "<group>"; };
		209D12231A4B1D9600AC08DD /* Base */ = {isa = PBXFileReference; lastKnownFileType = file.storyboard; name = Base; path = Base.lproj/Main.storyboard; sourceTree = "<group>"; };
		209D12251A4B1D9600AC08DD /* Images.xcassets */ = {isa = PBXFileReference; lastKnownFileType = folder.assetcatalog; path = Images.xcassets; sourceTree = "<group>"; };
		209D12281A4B1D9600AC08DD /* Base */ = {isa = PBXFileReference; lastKnownFileType = file.xib; name = Base; path = Base.lproj/LaunchScreen.xib; sourceTree = "<group>"; };
		209D122E1A4B1D9600AC08DD /* DWActionsMenuTests.xctest */ = {isa = PBXFileReference; explicitFileType = wrapper.cfbundle; includeInIndex = 0; path = DWActionsMenuTests.xctest; sourceTree = BUILT_PRODUCTS_DIR; };
		209D12331A4B1D9600AC08DD /* Info.plist */ = {isa = PBXFileReference; lastKnownFileType = text.plist.xml; path = Info.plist; sourceTree = "<group>"; };
		209D12341A4B1D9600AC08DD /* DWActionsMenuTests.swift */ = {isa = PBXFileReference; lastKnownFileType = sourcecode.swift; path = DWActionsMenuTests.swift; sourceTree = "<group>"; };
/* End PBXFileReference section */

/* Begin PBXFrameworksBuildPhase section */
		209D12161A4B1D9600AC08DD /* Frameworks */ = {
			isa = PBXFrameworksBuildPhase;
			buildActionMask = 2147483647;
			files = (
			);
			runOnlyForDeploymentPostprocessing = 0;
		};
		209D122B1A4B1D9600AC08DD /* Frameworks */ = {
			isa = PBXFrameworksBuildPhase;
			buildActionMask = 2147483647;
			files = (
			);
			runOnlyForDeploymentPostprocessing = 0;
		};
/* End PBXFrameworksBuildPhase section */

/* Begin PBXGroup section */
		2006ACDF1A4EAD5700F02DD8 /* DWActionsMenu */ = {
			isa = PBXGroup;
			children = (
				201F52D41A4B4C4000720BAE /* DWActionsMenu.swift */,
				2006ACE01A4EE18300F02DD8 /* DWAction.swift */,
				201F52D01A4B480700720BAE /* DWActionButton.swift */,
				201F52D61A4B4C5200720BAE /* DWResizeControl.swift */,
				201F52D21A4B483B00720BAE /* DWGridPath.swift */,
				201F52D81A4B4D6500720BAE /* ActionsMenuConstants.swift */,
			);
			name = DWActionsMenu;
			sourceTree = "<group>";
		};
		2006ACE21A4EED4400F02DD8 /* Example */ = {
			isa = PBXGroup;
			children = (
				209D121E1A4B1D9600AC08DD /* AppDelegate.swift */,
				209D12201A4B1D9600AC08DD /* ViewController.swift */,
				209D12221A4B1D9600AC08DD /* Main.storyboard */,
			);
			name = Example;
			sourceTree = "<group>";
		};
		209D12101A4B1D9600AC08DD = {
			isa = PBXGroup;
			children = (
				209D121B1A4B1D9600AC08DD /* DWActionsMenu */,
				209D12311A4B1D9600AC08DD /* DWActionsMenuTests */,
				209D121A1A4B1D9600AC08DD /* Products */,
			);
			sourceTree = "<group>";
		};
		209D121A1A4B1D9600AC08DD /* Products */ = {
			isa = PBXGroup;
			children = (
				209D12191A4B1D9600AC08DD /* DWActionsMenu.app */,
				209D122E1A4B1D9600AC08DD /* DWActionsMenuTests.xctest */,
			);
			name = Products;
			sourceTree = "<group>";
		};
		209D121B1A4B1D9600AC08DD /* DWActionsMenu */ = {
			isa = PBXGroup;
			children = (
				2006ACE21A4EED4400F02DD8 /* Example */,
				2006ACDF1A4EAD5700F02DD8 /* DWActionsMenu */,
				209D12251A4B1D9600AC08DD /* Images.xcassets */,
				209D12271A4B1D9600AC08DD /* LaunchScreen.xib */,
				209D121C1A4B1D9600AC08DD /* Supporting Files */,
			);
			path = DWActionsMenu;
			sourceTree = "<group>";
		};
		209D121C1A4B1D9600AC08DD /* Supporting Files */ = {
			isa = PBXGroup;
			children = (
				209D121D1A4B1D9600AC08DD /* Info.plist */,
			);
			name = "Supporting Files";
			sourceTree = "<group>";
		};
		209D12311A4B1D9600AC08DD /* DWActionsMenuTests */ = {
			isa = PBXGroup;
			children = (
				209D12341A4B1D9600AC08DD /* DWActionsMenuTests.swift */,
				209D12321A4B1D9600AC08DD /* Supporting Files */,
			);
			path = DWActionsMenuTests;
			sourceTree = "<group>";
		};
		209D12321A4B1D9600AC08DD /* Supporting Files */ = {
			isa = PBXGroup;
			children = (
				209D12331A4B1D9600AC08DD /* Info.plist */,
			);
			name = "Supporting Files";
			sourceTree = "<group>";
		};
/* End PBXGroup section */

/* Begin PBXNativeTarget section */
		209D12181A4B1D9600AC08DD /* DWActionsMenu */ = {
			isa = PBXNativeTarget;
			buildConfigurationList = 209D12381A4B1D9600AC08DD /* Build configuration list for PBXNativeTarget "DWActionsMenu" */;
			buildPhases = (
				209D12151A4B1D9600AC08DD /* Sources */,
				209D12161A4B1D9600AC08DD /* Frameworks */,
				209D12171A4B1D9600AC08DD /* Resources */,
			);
			buildRules = (
			);
			dependencies = (
			);
			name = DWActionsMenu;
			productName = DWActionsMenu;
			productReference = 209D12191A4B1D9600AC08DD /* DWActionsMenu.app */;
			productType = "com.apple.product-type.application";
		};
		209D122D1A4B1D9600AC08DD /* DWActionsMenuTests */ = {
			isa = PBXNativeTarget;
			buildConfigurationList = 209D123B1A4B1D9600AC08DD /* Build configuration list for PBXNativeTarget "DWActionsMenuTests" */;
			buildPhases = (
				209D122A1A4B1D9600AC08DD /* Sources */,
				209D122B1A4B1D9600AC08DD /* Frameworks */,
				209D122C1A4B1D9600AC08DD /* Resources */,
			);
			buildRules = (
			);
			dependencies = (
				209D12301A4B1D9600AC08DD /* PBXTargetDependency */,
			);
			name = DWActionsMenuTests;
			productName = DWActionsMenuTests;
			productReference = 209D122E1A4B1D9600AC08DD /* DWActionsMenuTests.xctest */;
			productType = "com.apple.product-type.bundle.unit-test";
		};
/* End PBXNativeTarget section */

/* Begin PBXProject section */
		209D12111A4B1D9600AC08DD /* Project object */ = {
			isa = PBXProject;
			attributes = {
				LastUpgradeCheck = 0610;
				ORGANIZATIONNAME = "Dingzhong Weng";
				TargetAttributes = {
					209D12181A4B1D9600AC08DD = {
						CreatedOnToolsVersion = 6.1.1;
						DevelopmentTeam = 4Y685976N4;
					};
					209D122D1A4B1D9600AC08DD = {
						CreatedOnToolsVersion = 6.1.1;
						TestTargetID = 209D12181A4B1D9600AC08DD;
					};
				};
			};
			buildConfigurationList = 209D12141A4B1D9600AC08DD /* Build configuration list for PBXProject "DWActionsMenu" */;
			compatibilityVersion = "Xcode 3.2";
			developmentRegion = English;
			hasScannedForEncodings = 0;
			knownRegions = (
				en,
				Base,
			);
			mainGroup = 209D12101A4B1D9600AC08DD;
			productRefGroup = 209D121A1A4B1D9600AC08DD /* Products */;
			projectDirPath = "";
			projectRoot = "";
			targets = (
				209D12181A4B1D9600AC08DD /* DWActionsMenu */,
				209D122D1A4B1D9600AC08DD /* DWActionsMenuTests */,
			);
		};
/* End PBXProject section */

/* Begin PBXResourcesBuildPhase section */
		209D12171A4B1D9600AC08DD /* Resources */ = {
			isa = PBXResourcesBuildPhase;
			buildActionMask = 2147483647;
			files = (
				209D12241A4B1D9600AC08DD /* Main.storyboard in Resources */,
				209D12291A4B1D9600AC08DD /* LaunchScreen.xib in Resources */,
				209D12261A4B1D9600AC08DD /* Images.xcassets in Resources */,
			);
			runOnlyForDeploymentPostprocessing = 0;
		};
		209D122C1A4B1D9600AC08DD /* Resources */ = {
			isa = PBXResourcesBuildPhase;
			buildActionMask = 2147483647;
			files = (
			);
			runOnlyForDeploymentPostprocessing = 0;
		};
/* End PBXResourcesBuildPhase section */

/* Begin PBXSourcesBuildPhase section */
		209D12151A4B1D9600AC08DD /* Sources */ = {
			isa = PBXSourcesBuildPhase;
			buildActionMask = 2147483647;
			files = (
				201F52D11A4B480700720BAE /* DWActionButton.swift in Sources */,
				201F52D31A4B483B00720BAE /* DWGridPath.swift in Sources */,
				201F52D51A4B4C4000720BAE /* DWActionsMenu.swift in Sources */,
				2006ACE11A4EE18300F02DD8 /* DWAction.swift in Sources */,
				209D12211A4B1D9600AC08DD /* ViewController.swift in Sources */,
				209D121F1A4B1D9600AC08DD /* AppDelegate.swift in Sources */,
				201F52D71A4B4C5200720BAE /* DWResizeControl.swift in Sources */,
				201F52D91A4B4D6500720BAE /* ActionsMenuConstants.swift in Sources */,
			);
			runOnlyForDeploymentPostprocessing = 0;
		};
		209D122A1A4B1D9600AC08DD /* Sources */ = {
			isa = PBXSourcesBuildPhase;
			buildActionMask = 2147483647;
			files = (
				209D12351A4B1D9600AC08DD /* DWActionsMenuTests.swift in Sources */,
			);
			runOnlyForDeploymentPostprocessing = 0;
		};
/* End PBXSourcesBuildPhase section */

/* Begin PBXTargetDependency section */
		209D12301A4B1D9600AC08DD /* PBXTargetDependency */ = {
			isa = PBXTargetDependency;
			target = 209D12181A4B1D9600AC08DD /* DWActionsMenu */;
			targetProxy = 209D122F1A4B1D9600AC08DD /* PBXContainerItemProxy */;
		};
/* End PBXTargetDependency section */

/* Begin PBXVariantGroup section */
		209D12221A4B1D9600AC08DD /* Main.storyboard */ = {
			isa = PBXVariantGroup;
			children = (
				209D12231A4B1D9600AC08DD /* Base */,
			);
			name = Main.storyboard;
			sourceTree = "<group>";
		};
		209D12271A4B1D9600AC08DD /* LaunchScreen.xib */ = {
			isa = PBXVariantGroup;
			children = (
				209D12281A4B1D9600AC08DD /* Base */,
			);
			name = LaunchScreen.xib;
			sourceTree = "<group>";
		};
/* End PBXVariantGroup section */

/* Begin XCBuildConfiguration section */
		209D12361A4B1D9600AC08DD /* Debug */ = {
			isa = XCBuildConfiguration;
			buildSettings = {
				ALWAYS_SEARCH_USER_PATHS = NO;
				CLANG_CXX_LANGUAGE_STANDARD = "gnu++0x";
				CLANG_CXX_LIBRARY = "libc++";
				CLANG_ENABLE_MODULES = YES;
				CLANG_ENABLE_OBJC_ARC = YES;
				CLANG_WARN_BOOL_CONVERSION = YES;
				CLANG_WARN_CONSTANT_CONVERSION = YES;
				CLANG_WARN_DIRECT_OBJC_ISA_USAGE = YES_ERROR;
				CLANG_WARN_EMPTY_BODY = YES;
				CLANG_WARN_ENUM_CONVERSION = YES;
				CLANG_WARN_INT_CONVERSION = YES;
				CLANG_WARN_OBJC_ROOT_CLASS = YES_ERROR;
				CLANG_WARN_UNREACHABLE_CODE = YES;
				CLANG_WARN__DUPLICATE_METHOD_MATCH = YES;
				"CODE_SIGN_IDENTITY[sdk=iphoneos*]" = "iPhone Developer";
				COPY_PHASE_STRIP = NO;
				ENABLE_STRICT_OBJC_MSGSEND = YES;
				GCC_C_LANGUAGE_STANDARD = gnu99;
				GCC_DYNAMIC_NO_PIC = NO;
				GCC_OPTIMIZATION_LEVEL = 0;
				GCC_PREPROCESSOR_DEFINITIONS = (
					"DEBUG=1",
					"$(inherited)",
				);
				GCC_SYMBOLS_PRIVATE_EXTERN = NO;
				GCC_WARN_64_TO_32_BIT_CONVERSION = YES;
				GCC_WARN_ABOUT_RETURN_TYPE = YES_ERROR;
				GCC_WARN_UNDECLARED_SELECTOR = YES;
				GCC_WARN_UNINITIALIZED_AUTOS = YES_AGGRESSIVE;
				GCC_WARN_UNUSED_FUNCTION = YES;
				GCC_WARN_UNUSED_VARIABLE = YES;
				IPHONEOS_DEPLOYMENT_TARGET = 8.1;
				MTL_ENABLE_DEBUG_INFO = YES;
				ONLY_ACTIVE_ARCH = YES;
				SDKROOT = iphoneos;
				SWIFT_OPTIMIZATION_LEVEL = "-Onone";
				TARGETED_DEVICE_FAMILY = "1,2";
			};
			name = Debug;
		};
		209D12371A4B1D9600AC08DD /* Release */ = {
			isa = XCBuildConfiguration;
			buildSettings = {
				ALWAYS_SEARCH_USER_PATHS = NO;
				CLANG_CXX_LANGUAGE_STANDARD = "gnu++0x";
				CLANG_CXX_LIBRARY = "libc++";
				CLANG_ENABLE_MODULES = YES;
				CLANG_ENABLE_OBJC_ARC = YES;
				CLANG_WARN_BOOL_CONVERSION = YES;
				CLANG_WARN_CONSTANT_CONVERSION = YES;
				CLANG_WARN_DIRECT_OBJC_ISA_USAGE = YES_ERROR;
				CLANG_WARN_EMPTY_BODY = YES;
				CLANG_WARN_ENUM_CONVERSION = YES;
				CLANG_WARN_INT_CONVERSION = YES;
				CLANG_WARN_OBJC_ROOT_CLASS = YES_ERROR;
				CLANG_WARN_UNREACHABLE_CODE = YES;
				CLANG_WARN__DUPLICATE_METHOD_MATCH = YES;
				"CODE_SIGN_IDENTITY[sdk=iphoneos*]" = "iPhone Developer";
				COPY_PHASE_STRIP = YES;
				ENABLE_NS_ASSERTIONS = NO;
				ENABLE_STRICT_OBJC_MSGSEND = YES;
				GCC_C_LANGUAGE_STANDARD = gnu99;
				GCC_WARN_64_TO_32_BIT_CONVERSION = YES;
				GCC_WARN_ABOUT_RETURN_TYPE = YES_ERROR;
				GCC_WARN_UNDECLARED_SELECTOR = YES;
				GCC_WARN_UNINITIALIZED_AUTOS = YES_AGGRESSIVE;
				GCC_WARN_UNUSED_FUNCTION = YES;
				GCC_WARN_UNUSED_VARIABLE = YES;
				IPHONEOS_DEPLOYMENT_TARGET = 8.1;
				MTL_ENABLE_DEBUG_INFO = NO;
				SDKROOT = iphoneos;
				TARGETED_DEVICE_FAMILY = "1,2";
				VALIDATE_PRODUCT = YES;
			};
			name = Release;
		};
		209D12391A4B1D9600AC08DD /* Debug */ = {
			isa = XCBuildConfiguration;
			buildSettings = {
				ASSETCATALOG_COMPILER_APPICON_NAME = AppIcon;
				CODE_SIGN_IDENTITY = "iPhone Developer";
				INFOPLIST_FILE = DWActionsMenu/Info.plist;
				LD_RUNPATH_SEARCH_PATHS = "$(inherited) @executable_path/Frameworks";
				PRODUCT_NAME = "$(TARGET_NAME)";
			};
			name = Debug;
		};
		209D123A1A4B1D9600AC08DD /* Release */ = {
			isa = XCBuildConfiguration;
			buildSettings = {
				ASSETCATALOG_COMPILER_APPICON_NAME = AppIcon;
				CODE_SIGN_IDENTITY = "iPhone Developer";
				INFOPLIST_FILE = DWActionsMenu/Info.plist;
				LD_RUNPATH_SEARCH_PATHS = "$(inherited) @executable_path/Frameworks";
				PRODUCT_NAME = "$(TARGET_NAME)";
			};
			name = Release;
		};
		209D123C1A4B1D9600AC08DD /* Debug */ = {
			isa = XCBuildConfiguration;
			buildSettings = {
				BUNDLE_LOADER = "$(TEST_HOST)";
				FRAMEWORK_SEARCH_PATHS = (
					"$(SDKROOT)/Developer/Library/Frameworks",
					"$(inherited)",
				);
				GCC_PREPROCESSOR_DEFINITIONS = (
					"DEBUG=1",
					"$(inherited)",
				);
				INFOPLIST_FILE = DWActionsMenuTests/Info.plist;
				LD_RUNPATH_SEARCH_PATHS = "$(inherited) @executable_path/Frameworks @loader_path/Frameworks";
				PRODUCT_NAME = "$(TARGET_NAME)";
				TEST_HOST = "$(BUILT_PRODUCTS_DIR)/DWActionsMenu.app/DWActionsMenu";
			};
			name = Debug;
		};
		209D123D1A4B1D9600AC08DD /* Release */ = {
			isa = XCBuildConfiguration;
			buildSettings = {
				BUNDLE_LOADER = "$(TEST_HOST)";
				FRAMEWORK_SEARCH_PATHS = (
					"$(SDKROOT)/Developer/Library/Frameworks",
					"$(inherited)",
				);
				INFOPLIST_FILE = DWActionsMenuTests/Info.plist;
				LD_RUNPATH_SEARCH_PATHS = "$(inherited) @executable_path/Frameworks @loader_path/Frameworks";
				PRODUCT_NAME = "$(TARGET_NAME)";
				TEST_HOST = "$(BUILT_PRODUCTS_DIR)/DWActionsMenu.app/DWActionsMenu";
			};
			name = Release;
		};
/* End XCBuildConfiguration section */

/* Begin XCConfigurationList section */
		209D12141A4B1D9600AC08DD /* Build configuration list for PBXProject "DWActionsMenu" */ = {
			isa = XCConfigurationList;
			buildConfigurations = (
				209D12361A4B1D9600AC08DD /* Debug */,
				209D12371A4B1D9600AC08DD /* Release */,
			);
			defaultConfigurationIsVisible = 0;
			defaultConfigurationName = Release;
		};
		209D12381A4B1D9600AC08DD /* Build configuration list for PBXNativeTarget "DWActionsMenu" */ = {
			isa = XCConfigurationList;
			buildConfigurations = (
				209D12391A4B1D9600AC08DD /* Debug */,
				209D123A1A4B1D9600AC08DD /* Release */,
			);
			defaultConfigurationIsVisible = 0;
			defaultConfigurationName = Release;
		};
		209D123B1A4B1D9600AC08DD /* Build configuration list for PBXNativeTarget "DWActionsMenuTests" */ = {
			isa = XCConfigurationList;
			buildConfigurations = (
				209D123C1A4B1D9600AC08DD /* Debug */,
				209D123D1A4B1D9600AC08DD /* Release */,
			);
			defaultConfigurationIsVisible = 0;
			defaultConfigurationName = Release;
		};
/* End XCConfigurationList section */
	};
	rootObject = 209D12111A4B1D9600AC08DD /* Project object */;
}
